
Microsoft Visual Studio Solution File, Format Version 12.00
Project("{F2A71F9B-5D33-465A-A702-920D77279786}") = "PodcastRepo", "PodcastRepo\PodcastRepo.fsproj", "{1CA72822-72C5-4068-AC4A-1C5ABB5EE489}"
EndProject
Global
	GlobalSection(SolutionConfigurationPlatforms) = preSolution
		Debug|Any CPU = Debug|Any CPU
		Release|Any CPU = Release|Any CPU
	EndGlobalSection
	GlobalSection(ProjectConfigurationPlatforms) = postSolution
		{1CA72822-72C5-4068-AC4A-1C5ABB5EE489}.Debug|Any CPU.ActiveCfg = Debug|Any CPU
		{1CA72822-72C5-4068-AC4A-1C5ABB5EE489}.Debug|Any CPU.Build.0 = Debug|Any CPU
		{1CA72822-72C5-4068-AC4A-1C5ABB5EE489}.Release|Any CPU.ActiveCfg = Release|Any CPU
		{1CA72822-72C5-4068-AC4A-1C5ABB5EE489}.Release|Any CPU.Build.0 = Release|Any CPU
	EndGlobalSection
EndGlobal
